
Microsoft Visual Studio Solution File, Format Version 12.00
# Visual Studio Version 17
VisualStudioVersion = 17.11.35208.52
MinimumVisualStudioVersion = 10.0.40219.1
Project("{FAE04EC0-301F-11D3-BF4B-00C04F79EFBC}") = "ALMSystem2", "ALMSystem2.csproj", "{43B948C8-24F8-4D6E-A92D-697DA75B8338}"
EndProject
Project("{FAE04EC0-301F-11D3-BF4B-00C04F79EFBC}") = "ALMSystem2.Tests", "..\ALMSystem2.Tests\ALMSystem2.Tests.csproj", "{B3DB8598-A5EF-49E6-BC2B-0EF3C4FE42CA}"
EndProject
Global
	GlobalSection(SolutionConfigurationPlatforms) = preSolution
		Debug|Any CPU = Debug|Any CPU
		Release|Any CPU = Release|Any CPU
	EndGlobalSection
	GlobalSection(ProjectConfigurationPlatforms) = postSolution
		{43B948C8-24F8-4D6E-A92D-697DA75B8338}.Debug|Any CPU.ActiveCfg = Debug|Any CPU
		{43B948C8-24F8-4D6E-A92D-697DA75B8338}.Debug|Any CPU.Build.0 = Debug|Any CPU
		{43B948C8-24F8-4D6E-A92D-697DA75B8338}.Release|Any CPU.ActiveCfg = Release|Any CPU
		{43B948C8-24F8-4D6E-A92D-697DA75B8338}.Release|Any CPU.Build.0 = Release|Any CPU
		{B3DB8598-A5EF-49E6-BC2B-0EF3C4FE42CA}.Debug|Any CPU.ActiveCfg = Debug|Any CPU
		{B3DB8598-A5EF-49E6-BC2B-0EF3C4FE42CA}.Debug|Any CPU.Build.0 = Debug|Any CPU
		{B3DB8598-A5EF-49E6-BC2B-0EF3C4FE42CA}.Release|Any CPU.ActiveCfg = Release|Any CPU
		{B3DB8598-A5EF-49E6-BC2B-0EF3C4FE42CA}.Release|Any CPU.Build.0 = Release|Any CPU
	EndGlobalSection
	GlobalSection(SolutionProperties) = preSolution
		HideSolutionNode = FALSE
	EndGlobalSection
	GlobalSection(ExtensibilityGlobals) = postSolution
		SolutionGuid = {0C988D2F-8473-4E85-80AC-1FAE3BF0C130}
	EndGlobalSection
EndGlobal
